Microsoft Visual Studio Solution File, Format Version 12.00
# Visual Studio Version 17
VisualStudioVersion = 17.5.2.0
MinimumVisualStudioVersion = 10.0.40219.1
Project("{FAE04EC0-301F-11D3-BF4B-00C04F79EFBC}") = "manual_dotnet", "manual_dotnet.csproj", "{693CAF5B-0C88-BC9F-6BC2-CC55F6FB46FC}"
EndProject
Global
	GlobalSection(SolutionConfigurationPlatforms) = preSolution
		Debug|Any CPU = Debug|Any CPU
		Release|Any CPU = Release|Any CPU
	EndGlobalSection
	GlobalSection(ProjectConfigurationPlatforms) = postSolution
		{693CAF5B-0C88-BC9F-6BC2-CC55F6FB46FC}.Debug|Any CPU.ActiveCfg = Debug|Any CPU
		{693CAF5B-0C88-BC9F-6BC2-CC55F6FB46FC}.Debug|Any CPU.Build.0 = Debug|Any CPU
		{693CAF5B-0C88-BC9F-6BC2-CC55F6FB46FC}.Release|Any CPU.ActiveCfg = Release|Any CPU
		{693CAF5B-0C88-BC9F-6BC2-CC55F6FB46FC}.Release|Any CPU.Build.0 = Release|Any CPU
	EndGlobalSection
	GlobalSection(SolutionProperties) = preSolution
		HideSolutionNode = FALSE
	EndGlobalSection
	GlobalSection(ExtensibilityGlobals) = postSolution
		SolutionGuid = {7F6C4F7E-37DB-417F-BAEE-E4486F797166}
	EndGlobalSection
EndGlobal
